github.com/dgrijalva/jwt-go v3.2.0+incompatible h1:7qlOGliEKZXTDg6OTjfoBKDXWrumCAMpl/TFQ4/5kLM=
github.com/dgrijalva/jwt-go v3.2.0+incompatible/go.mod h1:E3ru+11k8xSBh+hMPgOLZmtrrCbhqsmaPHjLKYnJCaQ=
github.com/fluxio/iohelpers v0.0.0-20160419043813-3a4dd67a94d2 h1:C6sOwknxwWfLBEQ91zhmptlfxf7pVEs5s6wOnDxNpS4=
github.com/fluxio/iohelpers v0.0.0-20160419043813-3a4dd67a94d2/go.mod h1:c7sGIpDbBo0JZZ1tKyC1p5smWf8QcUjK4bFtZjHAecg=
github.com/fluxio/multierror v0.0.0-20160419044231-9c68d39025e5 h1:R8jFW6G/bjoXjWPFrEfw9G5YQDlYhwV4AC+Eonu6wmk=
github.com/fluxio/multierror v0.0.0-20160419044231-9c68d39025e5/go.mod h1:BEUDl7FG1cc76sM0J0x8dqr6RhiL4uqvk6oFkwuNyuM=
github.com/google/uuid v1.1.0 h1:Jf4mxPC/ziBnoPIdpQdPJ9OeiomAUHLvxmPRSPH9m4s=
github.com/google/uuid v1.1.0/go.mod h1:TIyPZe4MgqvfeYDBFedMoGGpEw/LqOeaOT+nhxU+yHo=
github.com/juju/errors v0.0.0-20181118221551-089d3ea4e4d5 h1:rhqTjzJlm7EbkELJDKMTU7udov+Se0xZkWmugr6zGok=
github.com/juju/errors v0.0.0-20181118221551-089d3ea4e4d5/go.mod h1:W54LbzXuIE0boCoNJfwqpmkKJ1O4TCTZMetAt6jGk7Q=
github.com/pborman/uuid v0.0.0-20180906182336-adf5a7427709 h1:zNBQb37RGLmJybyMcs983HfUfpkw9OTFD9tbBfAViHE=
github.com/pborman/uuid v0.0.0-20180906182336-adf5a7427709/go.mod h1:VyrYX9gd7irzKovcSS6BIIEwPRkP2Wm2m9ufcdFSJ34=
github.com/pkg/errors v0.8.1 h1:iURUrRGxPUNPdy5/HRSm+Yj6okJ6UtLINN0Q9M4+h3I=
github.com/pkg/errors v0.8.1/go.mod h1:bwawxfHBFNV+L2hUp1rHADufV3IMtnDRdf1r5NINEl0=
golang.org/x/crypto v0.0.0-20190103213133-ff983b9c42bc h1:F5tKCVGp+MUAHhKp5MZtGqAlGX3+oCsiL1Q629FL90M=
golang.org/x/crypto v0.0.0-20190103213133-ff983b9c42bc/go.mod h1:6SG95UA2DQfeDnfUPMdvaQW0Q7yPrPDi9nlGo2tz2b4=
gopkg.in/square/go-jose.v2 v2.2.2 h1:orlkJ3myw8CN1nVQHBFfloD+L3egixIa4FvUP6RosSA=
gopkg.in/square/go-jose.v2 v2.2.2/go.mod h1:M9dMgbHiYLoDGQrXy7OpJDJWiKiU//h+vD76mk0e1AI=
