# This file is autogenerated, do not edit; changes may be undone by the next 'dep ensure'.


[[projects]]
  digest = "1:76dc72490af7174349349838f2fe118996381b31ea83243812a97e5a0fd5ed55"
  name = "github.com/dgrijalva/jwt-go"
  packages = ["."]
  pruneopts = "UT"
  revision = "06ea1031745cb8b3dab3f6a236daf2b0aa468b7e"
  version = "v3.2.0"

[[projects]]
  branch = "master"
  digest = "1:e050b01bf3d36d4fb50b811ad195baccdb5a8be30ffe532351a0579e560e0276"
  name = "github.com/fluxio/iohelpers"
  packages = ["line"]
  pruneopts = "UT"
  revision = "3a4dd67a94d215a3fe44f84c98b34472627fd3a3"

[[projects]]
  branch = "master"
  digest = "1:02ff84bf7e1feb22f08425de068fdbd16148f5119a57129836e19a8a3b066039"
  name = "github.com/fluxio/multierror"
  packages = ["."]
  pruneopts = "UT"
  revision = "9c68d39025e5c354adb4da3d75f3c8ee6f8c6a02"

[[projects]]
  digest = "1:236d7e1bdb50d8f68559af37dbcf9d142d56b431c9b2176d41e2a009b664cda8"
  name = "github.com/google/uuid"
  packages = ["."]
  pruneopts = "UT"
  revision = "9b3b1e0f5f99ae461456d768e7d301a7acdaa2d8"
  version = "v1.1.0"

[[projects]]
  branch = "master"
  digest = "1:7d1a655e1f16ccaf1adb026bdeece28499ecb0ead32d32accc6ed6f2c40cacee"
  name = "github.com/juju/errors"
  packages = ["."]
  pruneopts = "UT"
  revision = "089d3ea4e4d597bd98acac068193d341983326a3"

[[projects]]
  digest = "1:e5d0bd87abc2781d14e274807a470acd180f0499f8bf5bb18606e9ec22ad9de9"
  name = "github.com/pborman/uuid"
  packages = ["."]
  pruneopts = "UT"
  revision = "adf5a7427709b9deb95d29d3fa8a2bf9cfd388f1"
  version = "v1.2"

[[projects]]
  digest = "1:cf31692c14422fa27c83a05292eb5cbe0fb2775972e8f1f8446a71549bd8980b"
  name = "github.com/pkg/errors"
  packages = ["."]
  pruneopts = "UT"
  revision = "ba968bfe8b2f7e042a574c888954fccecfa385b4"
  version = "v0.8.1"

[[projects]]
  branch = "master"
  digest = "1:b8fa1ff0fc20983395978b3f771bb10438accbfe19326b02e236c1d4bf1c91b2"
  name = "golang.org/x/crypto"
  packages = [
    "ed25519",
    "ed25519/internal/edwards25519",
    "pbkdf2",
  ]
  pruneopts = "UT"
  revision = "ff983b9c42bc9fbf91556e191cc8efb585c16908"

[[projects]]
  digest = "1:a4cde1eec9a17eb2399a50c6e1a9fe3fde039994de058f9dbf6592d157bfe97b"
  name = "gopkg.in/square/go-jose.v2"
  packages = [
    ".",
    "cipher",
    "json",
    "jwt",
  ]
  pruneopts = "UT"
  revision = "e94fb177d3668d35ab39c61cbb2f311550557e83"
  version = "v2.2.2"

[solve-meta]
  analyzer-name = "dep"
  analyzer-version = 1
  input-imports = [
    "github.com/dgrijalva/jwt-go",
    "github.com/fluxio/multierror",
    "github.com/juju/errors",
    "github.com/pborman/uuid",
    "github.com/pkg/errors",
    "gopkg.in/square/go-jose.v2/jwt",
  ]
  solver-name = "gps-cdcl"
  solver-version = 1
